
Microsoft Visual Studio Solution File, Format Version 12.00
# Visual Studio Version 16
VisualStudioVersion = 16.0.30711.63
MinimumVisualStudioVersion = 10.0.40219.1
Project("{FAE04EC0-301F-11D3-BF4B-00C04F79EFBC}") = "NavFlightMaintenance", "NavFlightMaintenance\NavFlightMaintenance.csproj", "{A6F2DA6C-99FC-4909-8281-BD4B612E160A}"
EndProject
Project("{FAE04EC0-301F-11D3-BF4B-00C04F79EFBC}") = "NavFlightReservation", "NavFlightReservation\NavFlightReservation.csproj", "{18AC701E-856B-499A-BDCD-ABBE71609FA6}"
EndProject
Project("{FAE04EC0-301F-11D3-BF4B-00C04F79EFBC}") = "NavLibrary", "NavLibrary\NavLibrary.csproj", "{62A4D2F9-CCDF-4A62-8E1D-1EA397655E96}"
EndProject
Global
	GlobalSection(SolutionConfigurationPlatforms) = preSolution
		Debug|Any CPU = Debug|Any CPU
		Release|Any CPU = Release|Any CPU
	EndGlobalSection
	GlobalSection(ProjectConfigurationPlatforms) = postSolution
		{A6F2DA6C-99FC-4909-8281-BD4B612E160A}.Debug|Any CPU.ActiveCfg = Debug|Any CPU
		{A6F2DA6C-99FC-4909-8281-BD4B612E160A}.Debug|Any CPU.Build.0 = Debug|Any CPU
		{A6F2DA6C-99FC-4909-8281-BD4B612E160A}.Release|Any CPU.ActiveCfg = Release|Any CPU
		{A6F2DA6C-99FC-4909-8281-BD4B612E160A}.Release|Any CPU.Build.0 = Release|Any CPU
		{18AC701E-856B-499A-BDCD-ABBE71609FA6}.Debug|Any CPU.ActiveCfg = Debug|Any CPU
		{18AC701E-856B-499A-BDCD-ABBE71609FA6}.Debug|Any CPU.Build.0 = Debug|Any CPU
		{18AC701E-856B-499A-BDCD-ABBE71609FA6}.Release|Any CPU.ActiveCfg = Release|Any CPU
		{18AC701E-856B-499A-BDCD-ABBE71609FA6}.Release|Any CPU.Build.0 = Release|Any CPU
		{62A4D2F9-CCDF-4A62-8E1D-1EA397655E96}.Debug|Any CPU.ActiveCfg = Debug|Any CPU
		{62A4D2F9-CCDF-4A62-8E1D-1EA397655E96}.Debug|Any CPU.Build.0 = Debug|Any CPU
		{62A4D2F9-CCDF-4A62-8E1D-1EA397655E96}.Release|Any CPU.ActiveCfg = Release|Any CPU
		{62A4D2F9-CCDF-4A62-8E1D-1EA397655E96}.Release|Any CPU.Build.0 = Release|Any CPU
	EndGlobalSection
	GlobalSection(SolutionProperties) = preSolution
		HideSolutionNode = FALSE
	EndGlobalSection
	GlobalSection(ExtensibilityGlobals) = postSolution
		SolutionGuid = {BF42DBA3-6C83-43AC-892E-EBB3E9A35E5A}
	EndGlobalSection
EndGlobal
